
Microsoft Visual Studio Solution File, Format Version 12.00
# Visual Studio Version 17
VisualStudioVersion = 17.0.32112.339
MinimumVisualStudioVersion = 10.0.40219.1
Project("{2150E333-8FDC-42A3-9474-1A3956D46DE8}") = "Web", "Web", "{A7ADD66C-04A7-4821-B668-9BA85FD99249}"
EndProject
Project("{2150E333-8FDC-42A3-9474-1A3956D46DE8}") = "Domain", "Domain", "{2F2F231C-DD20-4170-9342-2497834F241A}"
EndProject
Project("{2150E333-8FDC-42A3-9474-1A3956D46DE8}") = "Infrastructure", "Infrastructure", "{8444CD57-E1F1-45F0-990C-BA27B584E221}"
EndProject
Project("{9A19103F-16F7-4668-BE54-9A1E7A4F7556}") = "BDP.Domain.Entities", "BDP.Domain.Entities\BDP.Domain.Entities.csproj", "{901836DC-9A65-4BB1-8644-E8AEA15458F3}"
EndProject
Project("{9A19103F-16F7-4668-BE54-9A1E7A4F7556}") = "BDP.Infrastructure.Repositories.EntityFramework", "BDP.Infrastructure.Repositories.EntityFramework\BDP.Infrastructure.Repositories.EntityFramework.csproj", "{457998D8-BD8C-420C-913B-1A2F272DD66C}"
EndProject
Project("{9A19103F-16F7-4668-BE54-9A1E7A4F7556}") = "BDP.Domain.Entities.Validators", "BDP.Domain.Entities.Validators\BDP.Domain.Entities.Validators.csproj", "{D9FEBE69-9EA6-4F37-8D49-921BF9A6289B}"
EndProject
Project("{9A19103F-16F7-4668-BE54-9A1E7A4F7556}") = "BDP.Domain.Services", "BDP.Domain.Services.Interfaces\BDP.Domain.Services.csproj", "{4DFBEE2B-AE73-4178-9B82-A857E0ADA66A}"
EndProject
Project("{9A19103F-16F7-4668-BE54-9A1E7A4F7556}") = "BDP.Infrastructure.Services", "BDP.Infrastructure.Services\BDP.Infrastructure.Services.csproj", "{4A987ABF-CF37-453D-8BC1-3816A2A17845}"
EndProject
Project("{9A19103F-16F7-4668-BE54-9A1E7A4F7556}") = "BDP.Web.Api", "BDP.Web.Api\BDP.Web.Api.csproj", "{01D21EF8-9B17-4E5B-A12A-0C492D0F41F4}"
EndProject
Project("{9A19103F-16F7-4668-BE54-9A1E7A4F7556}") = "BDP.Web.Dtos", "BDP.Web.Dtos\BDP.Web.Dtos.csproj", "{72C0C4E0-075E-4A8E-801F-8A1953BF9AFA}"
EndProject
Project("{2150E333-8FDC-42A3-9474-1A3956D46DE8}") = "Application", "Application", "{FCA87267-9ED0-42D1-A48E-B608D62C1E36}"
EndProject
Project("{9A19103F-16F7-4668-BE54-9A1E7A4F7556}") = "BDP.Application.App", "BDP.Application.App\BDP.Application.App.csproj", "{98183202-61AB-4958-B430-C97C197EF0D3}"
EndProject
Project("{9A19103F-16F7-4668-BE54-9A1E7A4F7556}") = "BDP.Infrastructure.Services.Tests", "BDP.Infrastructure.Services.Tests\BDP.Infrastructure.Services.Tests.csproj", "{F4BF1B9E-29FB-49DF-B33B-842323E30A74}"
EndProject
Project("{9A19103F-16F7-4668-BE54-9A1E7A4F7556}") = "BDP.Domain.Entities.Validators.Tests", "BDP.Domain.Entities.Validators.Tests\BDP.Domain.Entities.Validators.Tests.csproj", "{3DE518A0-497A-4ECE-841B-F19291E53BAD}"
EndProject
Project("{2150E333-8FDC-42A3-9474-1A3956D46DE8}") = "Tests", "Tests", "{5EF8910D-304F-4A41-8BBF-04EC84E1F9D7}"
EndProject
Project("{9A19103F-16F7-4668-BE54-9A1E7A4F7556}") = "BDP.Tests.Util", "BDP.Tests.Util\BDP.Tests.Util.csproj", "{666D8637-4CB7-4A17-9406-88A68B2ADA5C}"
EndProject
Project("{9A19103F-16F7-4668-BE54-9A1E7A4F7556}") = "BDP.Tests.Util.Tests", "BDP.Tests.Util.Tests\BDP.Tests.Util.Tests.csproj", "{936CA959-FA74-4EE0-8F9D-939542528FEE}"
EndProject
Project("{9A19103F-16F7-4668-BE54-9A1E7A4F7556}") = "BDP.Infrastructure.Repositories.EntityFramework.Tests", "BDP.Infrastructure.Repositories.EntityFramework.Tests\BDP.Infrastructure.Repositories.EntityFramework.Tests.csproj", "{3825B4FE-72E5-4C13-BBBC-3B495E267D03}"
EndProject
Project("{9A19103F-16F7-4668-BE54-9A1E7A4F7556}") = "BDP.Domain.Repositories.Extensions", "BDP.Domain.Repositories.Extensions\BDP.Domain.Repositories.Extensions.csproj", "{48002283-955C-4EA5-9C39-AFEDED5EB4EE}"
EndProject
Project("{9A19103F-16F7-4668-BE54-9A1E7A4F7556}") = "BDP.Domain.Repositories", "BDP.Domain.Repositories\BDP.Domain.Repositories.csproj", "{B6AECD14-AF08-4BDD-8440-870D0A688F8A}"
EndProject
Global
	GlobalSection(SolutionConfigurationPlatforms) = preSolution
		Debug|Any CPU = Debug|Any CPU
		Release|Any CPU = Release|Any CPU
	EndGlobalSection
	GlobalSection(ProjectConfigurationPlatforms) = postSolution
		{901836DC-9A65-4BB1-8644-E8AEA15458F3}.Debug|Any CPU.ActiveCfg = Debug|Any CPU
		{901836DC-9A65-4BB1-8644-E8AEA15458F3}.Debug|Any CPU.Build.0 = Debug|Any CPU
		{901836DC-9A65-4BB1-8644-E8AEA15458F3}.Release|Any CPU.ActiveCfg = Release|Any CPU
		{901836DC-9A65-4BB1-8644-E8AEA15458F3}.Release|Any CPU.Build.0 = Release|Any CPU
		{457998D8-BD8C-420C-913B-1A2F272DD66C}.Debug|Any CPU.ActiveCfg = Debug|Any CPU
		{457998D8-BD8C-420C-913B-1A2F272DD66C}.Debug|Any CPU.Build.0 = Debug|Any CPU
		{457998D8-BD8C-420C-913B-1A2F272DD66C}.Release|Any CPU.ActiveCfg = Release|Any CPU
		{457998D8-BD8C-420C-913B-1A2F272DD66C}.Release|Any CPU.Build.0 = Release|Any CPU
		{D9FEBE69-9EA6-4F37-8D49-921BF9A6289B}.Debug|Any CPU.ActiveCfg = Debug|Any CPU
		{D9FEBE69-9EA6-4F37-8D49-921BF9A6289B}.Debug|Any CPU.Build.0 = Debug|Any CPU
		{D9FEBE69-9EA6-4F37-8D49-921BF9A6289B}.Release|Any CPU.ActiveCfg = Release|Any CPU
		{D9FEBE69-9EA6-4F37-8D49-921BF9A6289B}.Release|Any CPU.Build.0 = Release|Any CPU
		{4DFBEE2B-AE73-4178-9B82-A857E0ADA66A}.Debug|Any CPU.ActiveCfg = Debug|Any CPU
		{4DFBEE2B-AE73-4178-9B82-A857E0ADA66A}.Debug|Any CPU.Build.0 = Debug|Any CPU
		{4DFBEE2B-AE73-4178-9B82-A857E0ADA66A}.Release|Any CPU.ActiveCfg = Release|Any CPU
		{4DFBEE2B-AE73-4178-9B82-A857E0ADA66A}.Release|Any CPU.Build.0 = Release|Any CPU
		{4A987ABF-CF37-453D-8BC1-3816A2A17845}.Debug|Any CPU.ActiveCfg = Debug|Any CPU
		{4A987ABF-CF37-453D-8BC1-3816A2A17845}.Debug|Any CPU.Build.0 = Debug|Any CPU
		{4A987ABF-CF37-453D-8BC1-3816A2A17845}.Release|Any CPU.ActiveCfg = Release|Any CPU
		{4A987ABF-CF37-453D-8BC1-3816A2A17845}.Release|Any CPU.Build.0 = Release|Any CPU
		{01D21EF8-9B17-4E5B-A12A-0C492D0F41F4}.Debug|Any CPU.ActiveCfg = Debug|Any CPU
		{01D21EF8-9B17-4E5B-A12A-0C492D0F41F4}.Debug|Any CPU.Build.0 = Debug|Any CPU
		{01D21EF8-9B17-4E5B-A12A-0C492D0F41F4}.Release|Any CPU.ActiveCfg = Release|Any CPU
		{01D21EF8-9B17-4E5B-A12A-0C492D0F41F4}.Release|Any CPU.Build.0 = Release|Any CPU
		{72C0C4E0-075E-4A8E-801F-8A1953BF9AFA}.Debug|Any CPU.ActiveCfg = Debug|Any CPU
		{72C0C4E0-075E-4A8E-801F-8A1953BF9AFA}.Debug|Any CPU.Build.0 = Debug|Any CPU
		{72C0C4E0-075E-4A8E-801F-8A1953BF9AFA}.Release|Any CPU.ActiveCfg = Release|Any CPU
		{72C0C4E0-075E-4A8E-801F-8A1953BF9AFA}.Release|Any CPU.Build.0 = Release|Any CPU
		{98183202-61AB-4958-B430-C97C197EF0D3}.Debug|Any CPU.ActiveCfg = Debug|Any CPU
		{98183202-61AB-4958-B430-C97C197EF0D3}.Debug|Any CPU.Build.0 = Debug|Any CPU
		{98183202-61AB-4958-B430-C97C197EF0D3}.Release|Any CPU.ActiveCfg = Release|Any CPU
		{98183202-61AB-4958-B430-C97C197EF0D3}.Release|Any CPU.Build.0 = Release|Any CPU
		{F4BF1B9E-29FB-49DF-B33B-842323E30A74}.Debug|Any CPU.ActiveCfg = Debug|Any CPU
		{F4BF1B9E-29FB-49DF-B33B-842323E30A74}.Debug|Any CPU.Build.0 = Debug|Any CPU
		{F4BF1B9E-29FB-49DF-B33B-842323E30A74}.Release|Any CPU.ActiveCfg = Release|Any CPU
		{F4BF1B9E-29FB-49DF-B33B-842323E30A74}.Release|Any CPU.Build.0 = Release|Any CPU
		{3DE518A0-497A-4ECE-841B-F19291E53BAD}.Debug|Any CPU.ActiveCfg = Debug|Any CPU
		{3DE518A0-497A-4ECE-841B-F19291E53BAD}.Debug|Any CPU.Build.0 = Debug|Any CPU
		{3DE518A0-497A-4ECE-841B-F19291E53BAD}.Release|Any CPU.ActiveCfg = Release|Any CPU
		{3DE518A0-497A-4ECE-841B-F19291E53BAD}.Release|Any CPU.Build.0 = Release|Any CPU
		{666D8637-4CB7-4A17-9406-88A68B2ADA5C}.Debug|Any CPU.ActiveCfg = Debug|Any CPU
		{666D8637-4CB7-4A17-9406-88A68B2ADA5C}.Debug|Any CPU.Build.0 = Debug|Any CPU
		{666D8637-4CB7-4A17-9406-88A68B2ADA5C}.Release|Any CPU.ActiveCfg = Release|Any CPU
		{666D8637-4CB7-4A17-9406-88A68B2ADA5C}.Release|Any CPU.Build.0 = Release|Any CPU
		{936CA959-FA74-4EE0-8F9D-939542528FEE}.Debug|Any CPU.ActiveCfg = Debug|Any CPU
		{936CA959-FA74-4EE0-8F9D-939542528FEE}.Debug|Any CPU.Build.0 = Debug|Any CPU
		{936CA959-FA74-4EE0-8F9D-939542528FEE}.Release|Any CPU.ActiveCfg = Release|Any CPU
		{936CA959-FA74-4EE0-8F9D-939542528FEE}.Release|Any CPU.Build.0 = Release|Any CPU
		{3825B4FE-72E5-4C13-BBBC-3B495E267D03}.Debug|Any CPU.ActiveCfg = Debug|Any CPU
		{3825B4FE-72E5-4C13-BBBC-3B495E267D03}.Debug|Any CPU.Build.0 = Debug|Any CPU
		{3825B4FE-72E5-4C13-BBBC-3B495E267D03}.Release|Any CPU.ActiveCfg = Release|Any CPU
		{3825B4FE-72E5-4C13-BBBC-3B495E267D03}.Release|Any CPU.Build.0 = Release|Any CPU
		{48002283-955C-4EA5-9C39-AFEDED5EB4EE}.Debug|Any CPU.ActiveCfg = Debug|Any CPU
		{48002283-955C-4EA5-9C39-AFEDED5EB4EE}.Debug|Any CPU.Build.0 = Debug|Any CPU
		{48002283-955C-4EA5-9C39-AFEDED5EB4EE}.Release|Any CPU.ActiveCfg = Release|Any CPU
		{48002283-955C-4EA5-9C39-AFEDED5EB4EE}.Release|Any CPU.Build.0 = Release|Any CPU
		{B6AECD14-AF08-4BDD-8440-870D0A688F8A}.Debug|Any CPU.ActiveCfg = Debug|Any CPU
		{B6AECD14-AF08-4BDD-8440-870D0A688F8A}.Debug|Any CPU.Build.0 = Debug|Any CPU
		{B6AECD14-AF08-4BDD-8440-870D0A688F8A}.Release|Any CPU.ActiveCfg = Release|Any CPU
		{B6AECD14-AF08-4BDD-8440-870D0A688F8A}.Release|Any CPU.Build.0 = Release|Any CPU
	EndGlobalSection
	GlobalSection(SolutionProperties) = preSolution
		HideSolutionNode = FALSE
	EndGlobalSection
	GlobalSection(NestedProjects) = preSolution
		{901836DC-9A65-4BB1-8644-E8AEA15458F3} = {2F2F231C-DD20-4170-9342-2497834F241A}
		{457998D8-BD8C-420C-913B-1A2F272DD66C} = {8444CD57-E1F1-45F0-990C-BA27B584E221}
		{D9FEBE69-9EA6-4F37-8D49-921BF9A6289B} = {2F2F231C-DD20-4170-9342-2497834F241A}
		{4DFBEE2B-AE73-4178-9B82-A857E0ADA66A} = {2F2F231C-DD20-4170-9342-2497834F241A}
		{4A987ABF-CF37-453D-8BC1-3816A2A17845} = {8444CD57-E1F1-45F0-990C-BA27B584E221}
		{01D21EF8-9B17-4E5B-A12A-0C492D0F41F4} = {A7ADD66C-04A7-4821-B668-9BA85FD99249}
		{72C0C4E0-075E-4A8E-801F-8A1953BF9AFA} = {A7ADD66C-04A7-4821-B668-9BA85FD99249}
		{98183202-61AB-4958-B430-C97C197EF0D3} = {FCA87267-9ED0-42D1-A48E-B608D62C1E36}
		{F4BF1B9E-29FB-49DF-B33B-842323E30A74} = {8444CD57-E1F1-45F0-990C-BA27B584E221}
		{3DE518A0-497A-4ECE-841B-F19291E53BAD} = {2F2F231C-DD20-4170-9342-2497834F241A}
		{666D8637-4CB7-4A17-9406-88A68B2ADA5C} = {5EF8910D-304F-4A41-8BBF-04EC84E1F9D7}
		{936CA959-FA74-4EE0-8F9D-939542528FEE} = {5EF8910D-304F-4A41-8BBF-04EC84E1F9D7}
		{3825B4FE-72E5-4C13-BBBC-3B495E267D03} = {8444CD57-E1F1-45F0-990C-BA27B584E221}
		{48002283-955C-4EA5-9C39-AFEDED5EB4EE} = {2F2F231C-DD20-4170-9342-2497834F241A}
		{B6AECD14-AF08-4BDD-8440-870D0A688F8A} = {2F2F231C-DD20-4170-9342-2497834F241A}
	EndGlobalSection
	GlobalSection(ExtensibilityGlobals) = postSolution
		SolutionGuid = {A7A84244-F4F4-431A-BAC4-B9512F98EE78}
	EndGlobalSection
EndGlobal
